
Microsoft Visual Studio Solution File, Format Version 12.00
# Visual Studio Version 17
VisualStudioVersion = 17.0.31903.59
MinimumVisualStudioVersion = 10.0.40219.1
Project("{2150E333-8FDC-42A3-9474-1A3956D46DE8}") = "src", "src", "{A34308D6-BF0A-41F0-BB86-8CA06A0807B0}"
EndProject
Project("{2150E333-8FDC-42A3-9474-1A3956D46DE8}") = "tests", "tests", "{23AD7C7A-A30F-45C9-AAA4-802B8CC9BBC3}"
EndProject
Project("{FAE04EC0-301F-11D3-BF4B-00C04F79EFBC}") = "FFmpegKit.Net", "src\FFmpegKit.Net\FFmpegKit.Net.csproj", "{148A1795-38EE-4A44-AC53-62AA9D45B2F9}"
EndProject
Project("{FAE04EC0-301F-11D3-BF4B-00C04F79EFBC}") = "FFmpegKit.Net.Maui", "src\FFmpegKit.Net.Maui\FFmpegKit.Net.Maui.csproj", "{365BD8D0-2672-400E-9A07-D9ABC43A0890}"
EndProject
Project("{FAE04EC0-301F-11D3-BF4B-00C04F79EFBC}") = "FFmpegKit.Net.PackageTests", "tests\FFmpegKit.Net.PackageTests\FFmpegKit.Net.PackageTests.csproj", "{5C93FF43-8BE6-4B26-9148-622C15ED85F3}"
EndProject
Global
	GlobalSection(SolutionConfigurationPlatforms) = preSolution
		Debug|Any CPU = Debug|Any CPU
		Debug|x64 = Debug|x64
		Debug|x86 = Debug|x86
		Release|Any CPU = Release|Any CPU
		Release|x64 = Release|x64
		Release|x86 = Release|x86
	EndGlobalSection
	GlobalSection(ProjectConfigurationPlatforms) = postSolution
		{148A1795-38EE-4A44-AC53-62AA9D45B2F9}.Debug|Any CPU.ActiveCfg = Debug|Any CPU
		{148A1795-38EE-4A44-AC53-62AA9D45B2F9}.Debug|Any CPU.Build.0 = Debug|Any CPU
		{148A1795-38EE-4A44-AC53-62AA9D45B2F9}.Debug|x64.ActiveCfg = Debug|Any CPU
		{148A1795-38EE-4A44-AC53-62AA9D45B2F9}.Debug|x64.Build.0 = Debug|Any CPU
		{148A1795-38EE-4A44-AC53-62AA9D45B2F9}.Debug|x86.ActiveCfg = Debug|Any CPU
		{148A1795-38EE-4A44-AC53-62AA9D45B2F9}.Debug|x86.Build.0 = Debug|Any CPU
		{148A1795-38EE-4A44-AC53-62AA9D45B2F9}.Release|Any CPU.ActiveCfg = Release|Any CPU
		{148A1795-38EE-4A44-AC53-62AA9D45B2F9}.Release|Any CPU.Build.0 = Release|Any CPU
		{148A1795-38EE-4A44-AC53-62AA9D45B2F9}.Release|x64.ActiveCfg = Release|Any CPU
		{148A1795-38EE-4A44-AC53-62AA9D45B2F9}.Release|x64.Build.0 = Release|Any CPU
		{148A1795-38EE-4A44-AC53-62AA9D45B2F9}.Release|x86.ActiveCfg = Release|Any CPU
		{148A1795-38EE-4A44-AC53-62AA9D45B2F9}.Release|x86.Build.0 = Release|Any CPU
		{365BD8D0-2672-400E-9A07-D9ABC43A0890}.Debug|Any CPU.ActiveCfg = Debug|Any CPU
		{365BD8D0-2672-400E-9A07-D9ABC43A0890}.Debug|Any CPU.Build.0 = Debug|Any CPU
		{365BD8D0-2672-400E-9A07-D9ABC43A0890}.Debug|x64.ActiveCfg = Debug|Any CPU
		{365BD8D0-2672-400E-9A07-D9ABC43A0890}.Debug|x64.Build.0 = Debug|Any CPU
		{365BD8D0-2672-400E-9A07-D9ABC43A0890}.Debug|x86.ActiveCfg = Debug|Any CPU
		{365BD8D0-2672-400E-9A07-D9ABC43A0890}.Debug|x86.Build.0 = Debug|Any CPU
		{365BD8D0-2672-400E-9A07-D9ABC43A0890}.Release|Any CPU.ActiveCfg = Release|Any CPU
		{365BD8D0-2672-400E-9A07-D9ABC43A0890}.Release|Any CPU.Build.0 = Release|Any CPU
		{365BD8D0-2672-400E-9A07-D9ABC43A0890}.Release|x64.ActiveCfg = Release|Any CPU
		{365BD8D0-2672-400E-9A07-D9ABC43A0890}.Release|x64.Build.0 = Release|Any CPU
		{365BD8D0-2672-400E-9A07-D9ABC43A0890}.Release|x86.ActiveCfg = Release|Any CPU
		{365BD8D0-2672-400E-9A07-D9ABC43A0890}.Release|x86.Build.0 = Release|Any CPU
		{5C93FF43-8BE6-4B26-9148-622C15ED85F3}.Debug|Any CPU.ActiveCfg = Debug|Any CPU
		{5C93FF43-8BE6-4B26-9148-622C15ED85F3}.Debug|Any CPU.Build.0 = Debug|Any CPU
		{5C93FF43-8BE6-4B26-9148-622C15ED85F3}.Debug|x64.ActiveCfg = Debug|Any CPU
		{5C93FF43-8BE6-4B26-9148-622C15ED85F3}.Debug|x64.Build.0 = Debug|Any CPU
		{5C93FF43-8BE6-4B26-9148-622C15ED85F3}.Debug|x86.ActiveCfg = Debug|Any CPU
		{5C93FF43-8BE6-4B26-9148-622C15ED85F3}.Debug|x86.Build.0 = Debug|Any CPU
		{5C93FF43-8BE6-4B26-9148-622C15ED85F3}.Release|Any CPU.ActiveCfg = Release|Any CPU
		{5C93FF43-8BE6-4B26-9148-622C15ED85F3}.Release|Any CPU.Build.0 = Release|Any CPU
		{5C93FF43-8BE6-4B26-9148-622C15ED85F3}.Release|x64.ActiveCfg = Release|Any CPU
		{5C93FF43-8BE6-4B26-9148-622C15ED85F3}.Release|x64.Build.0 = Release|Any CPU
		{5C93FF43-8BE6-4B26-9148-622C15ED85F3}.Release|x86.ActiveCfg = Release|Any CPU
		{5C93FF43-8BE6-4B26-9148-622C15ED85F3}.Release|x86.Build.0 = Release|Any CPU
	EndGlobalSection
	GlobalSection(SolutionProperties) = preSolution
		HideSolutionNode = FALSE
	EndGlobalSection
	GlobalSection(NestedProjects) = preSolution
		{148A1795-38EE-4A44-AC53-62AA9D45B2F9} = {A34308D6-BF0A-41F0-BB86-8CA06A0807B0}
		{365BD8D0-2672-400E-9A07-D9ABC43A0890} = {A34308D6-BF0A-41F0-BB86-8CA06A0807B0}
		{5C93FF43-8BE6-4B26-9148-622C15ED85F3} = {23AD7C7A-A30F-45C9-AAA4-802B8CC9BBC3}
	EndGlobalSection
EndGlobal
